
Microsoft Visual Studio Solution File, Format Version 12.00
# Visual Studio 15
VisualStudioVersion = 15.0.28010.2016
MinimumVisualStudioVersion = 10.0.40219.1
Project("{FAE04EC0-301F-11D3-BF4B-00C04F79EFBC}") = "AutomaticPackagingAPK", "AutomaticPackagingAPK\AutomaticPackagingAPK.csproj", "{C365E000-7FFB-45A4-A6C3-DCF0B1674038}"
EndProject
Global
	GlobalSection(SolutionConfigurationPlatforms) = preSolution
		Debug|Any CPU = Debug|Any CPU
		Release|Any CPU = Release|Any CPU
	EndGlobalSection
	GlobalSection(ProjectConfigurationPlatforms) = postSolution
		{C365E000-7FFB-45A4-A6C3-DCF0B1674038}.Debug|Any CPU.ActiveCfg = Debug|Any CPU
		{C365E000-7FFB-45A4-A6C3-DCF0B1674038}.Debug|Any CPU.Build.0 = Debug|Any CPU
		{C365E000-7FFB-45A4-A6C3-DCF0B1674038}.Release|Any CPU.ActiveCfg = Release|Any CPU
		{C365E000-7FFB-45A4-A6C3-DCF0B1674038}.Release|Any CPU.Build.0 = Release|Any CPU
	EndGlobalSection
	GlobalSection(SolutionProperties) = preSolution
		HideSolutionNode = FALSE
	EndGlobalSection
	GlobalSection(ExtensibilityGlobals) = postSolution
		SolutionGuid = {D92FDA98-6870-4F58-BCAB-07BEBBD9D49A}
	EndGlobalSection
EndGlobal
